
Microsoft Visual Studio Solution File, Format Version 12.00
# Visual Studio Version 17
VisualStudioVersion = 17.2.32616.157
MinimumVisualStudioVersion = 10.0.40219.1
Project("{FAE04EC0-301F-11D3-BF4B-00C04F79EFBC}") = "exemplo_001", "exemplo_001\exemplo_001.csproj", "{377E2AAC-30B4-466A-88B8-4DFAB708D10B}"
EndProject
Global
	GlobalSection(SolutionConfigurationPlatforms) = preSolution
		Debug|Any CPU = Debug|Any CPU
		Release|Any CPU = Release|Any CPU
	EndGlobalSection
	GlobalSection(ProjectConfigurationPlatforms) = postSolution
		{377E2AAC-30B4-466A-88B8-4DFAB708D10B}.Debug|Any CPU.ActiveCfg = Debug|Any CPU
		{377E2AAC-30B4-466A-88B8-4DFAB708D10B}.Debug|Any CPU.Build.0 = Debug|Any CPU
		{377E2AAC-30B4-466A-88B8-4DFAB708D10B}.Release|Any CPU.ActiveCfg = Release|Any CPU
		{377E2AAC-30B4-466A-88B8-4DFAB708D10B}.Release|Any CPU.Build.0 = Release|Any CPU
	EndGlobalSection
	GlobalSection(SolutionProperties) = preSolution
		HideSolutionNode = FALSE
	EndGlobalSection
	GlobalSection(ExtensibilityGlobals) = postSolution
		SolutionGuid = {FCA9C96E-F260-4C5E-BFB8-6C6157CD7B68}
	EndGlobalSection
EndGlobal
